
Microsoft Visual Studio Solution File, Format Version 12.00
# Visual Studio 14
VisualStudioVersion = 14.0.24720.0
MinimumVisualStudioVersion = 10.0.40219.1
Project("{2150E333-8FDC-42A3-9474-1A3956D46DE8}") = "src", "src", "{166073B3-C05B-40CD-BC6D-66A963CE3C9A}"
EndProject
Project("{2150E333-8FDC-42A3-9474-1A3956D46DE8}") = "tests", "tests", "{F3BF2390-A536-4544-997C-7BCC21F7ECFD}"
EndProject
Project("{2150E333-8FDC-42A3-9474-1A3956D46DE8}") = "Solution Items", "Solution Items", "{1B0574E4-E3CA-4AEC-A8DF-816F55609B19}"
	ProjectSection(SolutionItems) = preProject
		global.json = global.json
		LICENSE = LICENSE
		README.md = README.md
	EndProjectSection
EndProject
Project("{8BB2217D-0F2D-49D1-97BC-3654ED321F3B}") = "Radon.Core", "src\Radon.Core\Radon.Core.xproj", "{AEBE46DD-D7A9-4595-ADE6-C6052C109996}"
EndProject
Project("{8BB2217D-0F2D-49D1-97BC-3654ED321F3B}") = "Radon.UriTemplates", "src\Radon.UriTemplates\Radon.UriTemplates.xproj", "{C148788E-A38D-487B-8138-267DADF5A466}"
EndProject
Project("{8BB2217D-0F2D-49D1-97BC-3654ED321F3B}") = "Radon.Data", "src\Radon.Data\Radon.Data.xproj", "{86BEA822-8CDC-4DB4-9A83-1F612C8724C4}"
EndProject
Project("{8BB2217D-0F2D-49D1-97BC-3654ED321F3B}") = "Radon.UriTemplates.Tests", "tests\Radon.UriTemplates.Tests\Radon.UriTemplates.Tests.xproj", "{F66CE0A0-52F3-4978-AC32-07FAD5E88142}"
EndProject
Project("{8BB2217D-0F2D-49D1-97BC-3654ED321F3B}") = "Radon.Core.Tests", "tests\Radon.Core.Tests\Radon.Core.Tests.xproj", "{9A611978-78BA-42FE-B895-D9FFA91F35C4}"
EndProject
Project("{2150E333-8FDC-42A3-9474-1A3956D46DE8}") = "samples", "samples", "{D918589B-ACA1-4C33-964B-40FF4A8D0CEB}"
EndProject
Project("{8BB2217D-0F2D-49D1-97BC-3654ED321F3B}") = "Radon.Server", "src\Radon.Server\Radon.Server.xproj", "{E6FC0E62-D438-47F3-824A-27546519DE21}"
EndProject
Project("{8BB2217D-0F2D-49D1-97BC-3654ED321F3B}") = "Radon.Data.Caching", "src\Radon.Data.Caching\Radon.Data.Caching.xproj", "{65E2872D-485E-4FAA-95A8-DB7F39619219}"
EndProject
Global
	GlobalSection(SolutionConfigurationPlatforms) = preSolution
		Debug|Any CPU = Debug|Any CPU
		Release|Any CPU = Release|Any CPU
	EndGlobalSection
	GlobalSection(ProjectConfigurationPlatforms) = postSolution
		{AEBE46DD-D7A9-4595-ADE6-C6052C109996}.Debug|Any CPU.ActiveCfg = Debug|Any CPU
		{AEBE46DD-D7A9-4595-ADE6-C6052C109996}.Debug|Any CPU.Build.0 = Debug|Any CPU
		{AEBE46DD-D7A9-4595-ADE6-C6052C109996}.Release|Any CPU.ActiveCfg = Release|Any CPU
		{AEBE46DD-D7A9-4595-ADE6-C6052C109996}.Release|Any CPU.Build.0 = Release|Any CPU
		{C148788E-A38D-487B-8138-267DADF5A466}.Debug|Any CPU.ActiveCfg = Debug|Any CPU
		{C148788E-A38D-487B-8138-267DADF5A466}.Debug|Any CPU.Build.0 = Debug|Any CPU
		{C148788E-A38D-487B-8138-267DADF5A466}.Release|Any CPU.ActiveCfg = Release|Any CPU
		{C148788E-A38D-487B-8138-267DADF5A466}.Release|Any CPU.Build.0 = Release|Any CPU
		{86BEA822-8CDC-4DB4-9A83-1F612C8724C4}.Debug|Any CPU.ActiveCfg = Debug|Any CPU
		{86BEA822-8CDC-4DB4-9A83-1F612C8724C4}.Debug|Any CPU.Build.0 = Debug|Any CPU
		{86BEA822-8CDC-4DB4-9A83-1F612C8724C4}.Release|Any CPU.ActiveCfg = Release|Any CPU
		{86BEA822-8CDC-4DB4-9A83-1F612C8724C4}.Release|Any CPU.Build.0 = Release|Any CPU
		{F66CE0A0-52F3-4978-AC32-07FAD5E88142}.Debug|Any CPU.ActiveCfg = Debug|Any CPU
		{F66CE0A0-52F3-4978-AC32-07FAD5E88142}.Debug|Any CPU.Build.0 = Debug|Any CPU
		{F66CE0A0-52F3-4978-AC32-07FAD5E88142}.Release|Any CPU.ActiveCfg = Release|Any CPU
		{F66CE0A0-52F3-4978-AC32-07FAD5E88142}.Release|Any CPU.Build.0 = Release|Any CPU
		{9A611978-78BA-42FE-B895-D9FFA91F35C4}.Debug|Any CPU.ActiveCfg = Debug|Any CPU
		{9A611978-78BA-42FE-B895-D9FFA91F35C4}.Debug|Any CPU.Build.0 = Debug|Any CPU
		{9A611978-78BA-42FE-B895-D9FFA91F35C4}.Release|Any CPU.ActiveCfg = Release|Any CPU
		{9A611978-78BA-42FE-B895-D9FFA91F35C4}.Release|Any CPU.Build.0 = Release|Any CPU
		{E6FC0E62-D438-47F3-824A-27546519DE21}.Debug|Any CPU.ActiveCfg = Debug|Any CPU
		{E6FC0E62-D438-47F3-824A-27546519DE21}.Debug|Any CPU.Build.0 = Debug|Any CPU
		{E6FC0E62-D438-47F3-824A-27546519DE21}.Release|Any CPU.ActiveCfg = Release|Any CPU
		{E6FC0E62-D438-47F3-824A-27546519DE21}.Release|Any CPU.Build.0 = Release|Any CPU
		{65E2872D-485E-4FAA-95A8-DB7F39619219}.Debug|Any CPU.ActiveCfg = Debug|Any CPU
		{65E2872D-485E-4FAA-95A8-DB7F39619219}.Debug|Any CPU.Build.0 = Debug|Any CPU
		{65E2872D-485E-4FAA-95A8-DB7F39619219}.Release|Any CPU.ActiveCfg = Release|Any CPU
		{65E2872D-485E-4FAA-95A8-DB7F39619219}.Release|Any CPU.Build.0 = Release|Any CPU
	EndGlobalSection
	GlobalSection(SolutionProperties) = preSolution
		HideSolutionNode = FALSE
	EndGlobalSection
	GlobalSection(NestedProjects) = preSolution
		{AEBE46DD-D7A9-4595-ADE6-C6052C109996} = {166073B3-C05B-40CD-BC6D-66A963CE3C9A}
		{C148788E-A38D-487B-8138-267DADF5A466} = {166073B3-C05B-40CD-BC6D-66A963CE3C9A}
		{86BEA822-8CDC-4DB4-9A83-1F612C8724C4} = {166073B3-C05B-40CD-BC6D-66A963CE3C9A}
		{F66CE0A0-52F3-4978-AC32-07FAD5E88142} = {F3BF2390-A536-4544-997C-7BCC21F7ECFD}
		{9A611978-78BA-42FE-B895-D9FFA91F35C4} = {F3BF2390-A536-4544-997C-7BCC21F7ECFD}
		{E6FC0E62-D438-47F3-824A-27546519DE21} = {166073B3-C05B-40CD-BC6D-66A963CE3C9A}
		{65E2872D-485E-4FAA-95A8-DB7F39619219} = {166073B3-C05B-40CD-BC6D-66A963CE3C9A}
	EndGlobalSection
	GlobalSection(CodealikeProperties) = postSolution
		SolutionGuid = c0d6e374-2943-4029-b68f-adbae5d486eb
	EndGlobalSection
EndGlobal
